
Microsoft Visual Studio Solution File, Format Version 12.00
# Visual Studio Version 17
VisualStudioVersion = 17.2.32616.157
MinimumVisualStudioVersion = 10.0.40219.1
Project("{FAE04EC0-301F-11D3-BF4B-00C04F79EFBC}") = "taizuchangquanmogai", "taizuchangquanmogai\taizuchangquanmogai.csproj", "{4511AB39-8CE7-444B-9831-E45CF396CC6A}"
EndProject
Global
	GlobalSection(SolutionConfigurationPlatforms) = preSolution
		Debug|Any CPU = Debug|Any CPU
		Release|Any CPU = Release|Any CPU
	EndGlobalSection
	GlobalSection(ProjectConfigurationPlatforms) = postSolution
		{4511AB39-8CE7-444B-9831-E45CF396CC6A}.Debug|Any CPU.ActiveCfg = Debug|Any CPU
		{4511AB39-8CE7-444B-9831-E45CF396CC6A}.Debug|Any CPU.Build.0 = Debug|Any CPU
		{4511AB39-8CE7-444B-9831-E45CF396CC6A}.Release|Any CPU.ActiveCfg = Release|Any CPU
		{4511AB39-8CE7-444B-9831-E45CF396CC6A}.Release|Any CPU.Build.0 = Release|Any CPU
	EndGlobalSection
	GlobalSection(SolutionProperties) = preSolution
		HideSolutionNode = FALSE
	EndGlobalSection
	GlobalSection(ExtensibilityGlobals) = postSolution
		SolutionGuid = {6F083412-C384-48CD-8BD3-57F64771E1E5}
	EndGlobalSection
EndGlobal
